{
  "name": "alpine-node",
  "lockfileVersion": 2,
  "requires": true,
  "packages": {
    "": {
      "dependencies": {
        "graceful-fs": "4.2.4",
        "lodash": "4.17.21",
        "selenium-webdriver": "2.34.0"
      }
    },
    "node_modules/graceful-fs": {
      "version": "4.2.4",
      "resolved": "https://registry.npmjs.org/graceful-fs/-/graceful-fs-4.2.4.tgz",
      "integrity": "sha512-WjKPNJF79dtJAVniUlGGWHYGz2jWxT6VhN/4m1NdkbZ2nOsEF+cI1Edgql5zCRhs/VsQYRvrXctxktVXZUkixw=="
    },
    "node_modules/lodash": {
      "version": "4.17.21",
      "resolved": "https://registry.npmjs.org/lodash/-/lodash-4.17.21.tgz",
      "integrity": "sha512-v2kDEe57lecTulaDIuNTPy3Ry4gLGJ6Z1O3vE1krgXZNrsQ+LFTGHVxVjcXPs17LhbZVGedAJv8XZ1tvj5FvSg=="
    },
    "node_modules/selenium-webdriver": {
      "version": "2.34.0",
      "resolved": "https://registry.npmjs.org/selenium-webdriver/-/selenium-webdriver-2.34.0.tgz",
      "integrity": "sha512-aKDtWDrSq8iBJmkqE78yybTOlEZPH3Ce4MVi3/6Vq10gw0oHqckc27tqnl4w5oUhH+NG6nKLe70tvOHHsFdl7Q==",
      "engines": {
        "node": ">= 0.8.x"
      }
    }
  },
  "dependencies": {
    "graceful-fs": {
      "version": "4.2.4",
      "resolved": "https://registry.npmjs.org/graceful-fs/-/graceful-fs-4.2.4.tgz",
      "integrity": "sha512-WjKPNJF79dtJAVniUlGGWHYGz2jWxT6VhN/4m1NdkbZ2nOsEF+cI1Edgql5zCRhs/VsQYRvrXctxktVXZUkixw=="
    },
    "lodash": {
      "version": "4.17.21",
      "resolved": "https://registry.npmjs.org/lodash/-/lodash-4.17.21.tgz",
      "integrity": "sha512-v2kDEe57lecTulaDIuNTPy3Ry4gLGJ6Z1O3vE1krgXZNrsQ+LFTGHVxVjcXPs17LhbZVGedAJv8XZ1tvj5FvSg=="
    },
    "selenium-webdriver": {
      "version": "2.34.0",
      "resolved": "https://registry.npmjs.org/selenium-webdriver/-/selenium-webdriver-2.34.0.tgz",
      "integrity": "sha512-aKDtWDrSq8iBJmkqE78yybTOlEZPH3Ce4MVi3/6Vq10gw0oHqckc27tqnl4w5oUhH+NG6nKLe70tvOHHsFdl7Q=="
    }
  }
}
